// !$*UTF8*$!
{
	archiveVersion = 1;
	classes = {
	};
	objectVersion = 46;
	objects = {

/* Begin PBXBuildFile section */
		CEBBEF341D138C3100D8F1F9 /* AppDelegate.swift in Sources */ = {isa = PBXBuildFile; fileRef = CEBBEF331D138C3100D8F1F9 /* AppDelegate.swift */; };
		CEBBEF361D138C3100D8F1F9 /* ViewController.swift in Sources */ = {isa = PBXBuildFile; fileRef = CEBBEF351D138C3100D8F1F9 /* ViewController.swift */; };
		CEBBEF391D138C3100D8F1F9 /* Main.storyboard in Resources */ = {isa = PBXBuildFile; fileRef = CEBBEF371D138C3100D8F1F9 /* Main.storyboard */; };
		CEBBEF3B1D138C3100D8F1F9 /* Assets.xcassets in Resources */ = {isa = PBXBuildFile; fileRef = CEBBEF3A1D138C3100D8F1F9 /* Assets.xcassets */; };
		CEBBEF3E1D138C3100D8F1F9 /* LaunchScreen.storyboard in Resources */ = {isa = PBXBuildFile; fileRef = CEBBEF3C1D138C3100D8F1F9 /* LaunchScreen.storyboard */; };
		CEFBA1111D139DD300B90F19 /* GoogleService-Info.plist in Resources */ = {isa = PBXBuildFile; fileRef = CEFBA1101D139DD300B90F19 /* GoogleService-Info.plist */; };
/* End PBXBuildFile section */

/* Begin PBXFileReference section */
		3650FCD70449D21712322999 /* Pods-ios.debug.xcconfig */ = {isa = PBXFileReference; includeInIndex = 1; lastKnownFileType = text.xcconfig; name = "Pods-ios.debug.xcconfig"; path = "Pods/Target Support Files/Pods-ios/Pods-ios.debug.xcconfig"; sourceTree = "<group>"; };
		5E9932CEE72114A2A72D23F2 /* Pods-ios.release.xcconfig */ = {isa = PBXFileReference; includeInIndex = 1; lastKnownFileType = text.xcconfig; name = "Pods-ios.release.xcconfig"; path = "Pods/Target Support Files/Pods-ios/Pods-ios.release.xcconfig"; sourceTree = "<group>"; };
		CEBBEF301D138C3100D8F1F9 /* ios.app */ = {isa = PBXFileReference; explicitFileType = wrapper.application; includeInIndex = 0; path = ios.app; sourceTree = BUILT_PRODUCTS_DIR; };
		CEBBEF331D138C3100D8F1F9 /* AppDelegate.swift */ = {isa = PBXFileReference; lastKnownFileType = sourcecode.swift; path = AppDelegate.swift; sourceTree = "<group>"; };
		CEBBEF351D138C3100D8F1F9 /* ViewController.swift */ = {isa = PBXFileReference; lastKnownFileType = sourcecode.swift; path = ViewController.swift; sourceTree = "<group>"; };
		CEBBEF381D138C3100D8F1F9 /* Base */ = {isa = PBXFileReference; lastKnownFileType = file.storyboard; name = Base; path = Base.lproj/Main.storyboard; sourceTree = "<group>"; };
		CEBBEF3A1D138C3100D8F1F9 /* Assets.xcassets */ = {isa = PBXFileReference; lastKnownFileType = folder.assetcatalog; path = Assets.xcassets; sourceTree = "<group>"; };
		CEBBEF3D1D138C3100D8F1F9 /* Base */ = {isa = PBXFileReference; lastKnownFileType = file.storyboard; name = Base; path = Base.lproj/LaunchScreen.storyboard; sourceTree = "<group>"; };
		CEBBEF3F1D138C3100D8F1F9 /* Info.plist */ = {isa = PBXFileReference; lastKnownFileType = text.plist.xml; path = Info.plist; sourceTree = "<group>"; };
		CEFBA1101D139DD300B90F19 /* GoogleService-Info.plist */ = {isa = PBXFileReference; fileEncoding = 4; lastKnownFileType = text.plist.xml; name = "GoogleService-Info.plist"; path = "../../../Downloads/GoogleService-Info.plist"; sourceTree = "<group>"; };
/* End PBXFileReference section */

/* Begin PBXFrameworksBuildPhase section */
		CEBBEF2D1D138C3100D8F1F9 /* Frameworks */ = {
			isa = PBXFrameworksBuildPhase;
			buildActionMask = 2147483647;
			files = (
			);
			runOnlyForDeploymentPostprocessing = 0;
		};
/* End PBXFrameworksBuildPhase section */

/* Begin PBXGroup section */
		50751993D67073EAA64B8DA9 /* Pods */ = {
			isa = PBXGroup;
			children = (
				3650FCD70449D21712322999 /* Pods-ios.debug.xcconfig */,
				5E9932CEE72114A2A72D23F2 /* Pods-ios.release.xcconfig */,
			);
			name = Pods;
			sourceTree = "<group>";
		};
		CEBBEF271D138C3100D8F1F9 = {
			isa = PBXGroup;
			children = (
				CEBBEF321D138C3100D8F1F9 /* ios */,
				CEBBEF311D138C3100D8F1F9 /* Products */,
				50751993D67073EAA64B8DA9 /* Pods */,
				DF1EF57BA8D66EA5DD88281F /* Frameworks */,
			);
			sourceTree = "<group>";
		};
		CEBBEF311D138C3100D8F1F9 /* Products */ = {
			isa = PBXGroup;
			children = (
				CEBBEF301D138C3100D8F1F9 /* ios.app */,
			);
			name = Products;
			sourceTree = "<group>";
		};
		CEBBEF321D138C3100D8F1F9 /* ios */ = {
			isa = PBXGroup;
			children = (
				CEBBEF331D138C3100D8F1F9 /* AppDelegate.swift */,
				CEBBEF351D138C3100D8F1F9 /* ViewController.swift */,
				CEBBEF371D138C3100D8F1F9 /* Main.storyboard */,
				CEBBEF3A1D138C3100D8F1F9 /* Assets.xcassets */,
				CEBBEF3C1D138C3100D8F1F9 /* LaunchScreen.storyboard */,
				CEBBEF3F1D138C3100D8F1F9 /* Info.plist */,
				CEFBA1101D139DD300B90F19 /* GoogleService-Info.plist */,
			);
			path = ios;
			sourceTree = "<group>";
		};
		DF1EF57BA8D66EA5DD88281F /* Frameworks */ = {
			isa = PBXGroup;
			children = (
			);
			name = Frameworks;
			sourceTree = "<group>";
		};
/* End PBXGroup section */

/* Begin PBXNativeTarget section */
		CEBBEF2F1D138C3100D8F1F9 /* ios */ = {
			isa = PBXNativeTarget;
			buildConfigurationList = CEBBEF421D138C3100D8F1F9 /* Build configuration list for PBXNativeTarget "ios" */;
			buildPhases = (
				FEE92D285F2093288A065A7B /* [CP] Check Pods Manifest.lock */,
				CEBBEF2C1D138C3100D8F1F9 /* Sources */,
				CEBBEF2D1D138C3100D8F1F9 /* Frameworks */,
				CEBBEF2E1D138C3100D8F1F9 /* Resources */,
				A013B915CFD591B37B371DE9 /* [CP] Embed Pods Frameworks */,
				1BA266F2FB0A835CD31D3A30 /* [CP] Copy Pods Resources */,
			);
			buildRules = (
			);
			dependencies = (
			);
			name = ios;
			productName = ios;
			productReference = CEBBEF301D138C3100D8F1F9 /* ios.app */;
			productType = "com.apple.product-type.application";
		};
/* End PBXNativeTarget section */

/* Begin PBXProject section */
		CEBBEF281D138C3100D8F1F9 /* Project object */ = {
			isa = PBXProject;
			attributes = {
				LastSwiftUpdateCheck = 0730;
				LastUpgradeCheck = 0730;
				ORGANIZATIONNAME = "柳沼匠";
				TargetAttributes = {
					CEBBEF2F1D138C3100D8F1F9 = {
						CreatedOnToolsVersion = 7.3.1;
						DevelopmentTeam = 2U4M88GQB2;
						SystemCapabilities = {
							com.apple.BackgroundModes = {
								enabled = 1;
							};
							com.apple.Push = {
								enabled = 1;
							};
						};
					};
				};
			};
			buildConfigurationList = CEBBEF2B1D138C3100D8F1F9 /* Build configuration list for PBXProject "ios" */;
			compatibilityVersion = "Xcode 3.2";
			developmentRegion = English;
			hasScannedForEncodings = 0;
			knownRegions = (
				en,
				Base,
			);
			mainGroup = CEBBEF271D138C3100D8F1F9;
			productRefGroup = CEBBEF311D138C3100D8F1F9 /* Products */;
			projectDirPath = "";
			projectRoot = "";
			targets = (
				CEBBEF2F1D138C3100D8F1F9 /* ios */,
			);
		};
/* End PBXProject section */

/* Begin PBXResourcesBuildPhase section */
		CEBBEF2E1D138C3100D8F1F9 /* Resources */ = {
			isa = PBXResourcesBuildPhase;
			buildActionMask = 2147483647;
			files = (
				CEBBEF3E1D138C3100D8F1F9 /* LaunchScreen.storyboard in Resources */,
				CEFBA1111D139DD300B90F19 /* GoogleService-Info.plist in Resources */,
				CEBBEF3B1D138C3100D8F1F9 /* Assets.xcassets in Resources */,
				CEBBEF391D138C3100D8F1F9 /* Main.storyboard in Resources */,
			);
			runOnlyForDeploymentPostprocessing = 0;
		};
/* End PBXResourcesBuildPhase section */

/* Begin PBXShellScriptBuildPhase section */
		1BA266F2FB0A835CD31D3A30 /* [CP] Copy Pods Resources */ = {
			isa = PBXShellScriptBuildPhase;
			buildActionMask = 2147483647;
			files = (
			);
			inputPaths = (
			);
			name = "[CP] Copy Pods Resources";
			outputPaths = (
			);
			runOnlyForDeploymentPostprocessing = 0;
			shellPath = /bin/sh;
			shellScript = "\"${SRCROOT}/Pods/Target Support Files/Pods-ios/Pods-ios-resources.sh\"\n";
			showEnvVarsInLog = 0;
		};
		A013B915CFD591B37B371DE9 /* [CP] Embed Pods Frameworks */ = {
			isa = PBXShellScriptBuildPhase;
			buildActionMask = 2147483647;
			files = (
			);
			inputPaths = (
			);
			name = "[CP] Embed Pods Frameworks";
			outputPaths = (
			);
			runOnlyForDeploymentPostprocessing = 0;
			shellPath = /bin/sh;
			shellScript = "\"${SRCROOT}/Pods/Target Support Files/Pods-ios/Pods-ios-frameworks.sh\"\n";
			showEnvVarsInLog = 0;
		};
		FEE92D285F2093288A065A7B /* [CP] Check Pods Manifest.lock */ = {
			isa = PBXShellScriptBuildPhase;
			buildActionMask = 2147483647;
			files = (
			);
			inputPaths = (
			);
			name = "[CP] Check Pods Manifest.lock";
			outputPaths = (
			);
			runOnlyForDeploymentPostprocessing = 0;
			shellPath = /bin/sh;
			shellScript = "diff \"${PODS_ROOT}/../Podfile.lock\" \"${PODS_ROOT}/Manifest.lock\" > /dev/null\nif [[ $? != 0 ]] ; then\n    cat << EOM\nerror: The sandbox is not in sync with the Podfile.lock. Run 'pod install' or update your CocoaPods installation.\nEOM\n    exit 1\nfi\n";
			showEnvVarsInLog = 0;
		};
/* End PBXShellScriptBuildPhase section */

/* Begin PBXSourcesBuildPhase section */
		CEBBEF2C1D138C3100D8F1F9 /* Sources */ = {
			isa = PBXSourcesBuildPhase;
			buildActionMask = 2147483647;
			files = (
				CEBBEF361D138C3100D8F1F9 /* ViewController.swift in Sources */,
				CEBBEF341D138C3100D8F1F9 /* AppDelegate.swift in Sources */,
			);
			runOnlyForDeploymentPostprocessing = 0;
		};
/* End PBXSourcesBuildPhase section */

/* Begin PBXVariantGroup section */
		CEBBEF371D138C3100D8F1F9 /* Main.storyboard */ = {
			isa = PBXVariantGroup;
			children = (
				CEBBEF381D138C3100D8F1F9 /* Base */,
			);
			name = Main.storyboard;
			sourceTree = "<group>";
		};
		CEBBEF3C1D138C3100D8F1F9 /* LaunchScreen.storyboard */ = {
			isa = PBXVariantGroup;
			children = (
				CEBBEF3D1D138C3100D8F1F9 /* Base */,
			);
			name = LaunchScreen.storyboard;
			sourceTree = "<group>";
		};
/* End PBXVariantGroup section */

/* Begin XCBuildConfiguration section */
		CEBBEF401D138C3100D8F1F9 /* Debug */ = {
			isa = XCBuildConfiguration;
			buildSettings = {
				ALWAYS_SEARCH_USER_PATHS = NO;
				CLANG_ANALYZER_NONNULL = YES;
				CLANG_CXX_LANGUAGE_STANDARD = "gnu++0x";
				CLANG_CXX_LIBRARY = "libc++";
				CLANG_ENABLE_MODULES = YES;
				CLANG_ENABLE_OBJC_ARC = YES;
				CLANG_WARN_BOOL_CONVERSION = YES;
				CLANG_WARN_CONSTANT_CONVERSION = YES;
				CLANG_WARN_DIRECT_OBJC_ISA_USAGE = YES_ERROR;
				CLANG_WARN_EMPTY_BODY = YES;
				CLANG_WARN_ENUM_CONVERSION = YES;
				CLANG_WARN_INT_CONVERSION = YES;
				CLANG_WARN_OBJC_ROOT_CLASS = YES_ERROR;
				CLANG_WARN_UNREACHABLE_CODE = YES;
				CLANG_WARN__DUPLICATE_METHOD_MATCH = YES;
				"CODE_SIGN_IDENTITY[sdk=iphoneos*]" = "iPhone Developer";
				COPY_PHASE_STRIP = NO;
				DEBUG_INFORMATION_FORMAT = dwarf;
				ENABLE_STRICT_OBJC_MSGSEND = YES;
				ENABLE_TESTABILITY = YES;
				GCC_C_LANGUAGE_STANDARD = gnu99;
				GCC_DYNAMIC_NO_PIC = NO;
				GCC_NO_COMMON_BLOCKS = YES;
				GCC_OPTIMIZATION_LEVEL = 0;
				GCC_PREPROCESSOR_DEFINITIONS = (
					"DEBUG=1",
					"$(inherited)",
				);
				GCC_WARN_64_TO_32_BIT_CONVERSION = YES;
				GCC_WARN_ABOUT_RETURN_TYPE = YES_ERROR;
				GCC_WARN_UNDECLARED_SELECTOR = YES;
				GCC_WARN_UNINITIALIZED_AUTOS = YES_AGGRESSIVE;
				GCC_WARN_UNUSED_FUNCTION = YES;
				GCC_WARN_UNUSED_VARIABLE = YES;
				IPHONEOS_DEPLOYMENT_TARGET = 9.3;
				MTL_ENABLE_DEBUG_INFO = YES;
				ONLY_ACTIVE_ARCH = YES;
				SDKROOT = iphoneos;
				SWIFT_OPTIMIZATION_LEVEL = "-Onone";
			};
			name = Debug;
		};
		CEBBEF411D138C3100D8F1F9 /* Release */ = {
			isa = XCBuildConfiguration;
			buildSettings = {
				ALWAYS_SEARCH_USER_PATHS = NO;
				CLANG_ANALYZER_NONNULL = YES;
				CLANG_CXX_LANGUAGE_STANDARD = "gnu++0x";
				CLANG_CXX_LIBRARY = "libc++";
				CLANG_ENABLE_MODULES = YES;
				CLANG_ENABLE_OBJC_ARC = YES;
				CLANG_WARN_BOOL_CONVERSION = YES;
				CLANG_WARN_CONSTANT_CONVERSION = YES;
				CLANG_WARN_DIRECT_OBJC_ISA_USAGE = YES_ERROR;
				CLANG_WARN_EMPTY_BODY = YES;
				CLANG_WARN_ENUM_CONVERSION = YES;
				CLANG_WARN_INT_CONVERSION = YES;
				CLANG_WARN_OBJC_ROOT_CLASS = YES_ERROR;
				CLANG_WARN_UNREACHABLE_CODE = YES;
				CLANG_WARN__DUPLICATE_METHOD_MATCH = YES;
				"CODE_SIGN_IDENTITY[sdk=iphoneos*]" = "iPhone Developer";
				COPY_PHASE_STRIP = NO;
				DEBUG_INFORMATION_FORMAT = "dwarf-with-dsym";
				ENABLE_NS_ASSERTIONS = NO;
				ENABLE_STRICT_OBJC_MSGSEND = YES;
				GCC_C_LANGUAGE_STANDARD = gnu99;
				GCC_NO_COMMON_BLOCKS = YES;
				GCC_WARN_64_TO_32_BIT_CONVERSION = YES;
				GCC_WARN_ABOUT_RETURN_TYPE = YES_ERROR;
				GCC_WARN_UNDECLARED_SELECTOR = YES;
				GCC_WARN_UNINITIALIZED_AUTOS = YES_AGGRESSIVE;
				GCC_WARN_UNUSED_FUNCTION = YES;
				GCC_WARN_UNUSED_VARIABLE = YES;
				IPHONEOS_DEPLOYMENT_TARGET = 9.3;
				MTL_ENABLE_DEBUG_INFO = NO;
				SDKROOT = iphoneos;
				VALIDATE_PRODUCT = YES;
			};
			name = Release;
		};
		CEBBEF431D138C3100D8F1F9 /* Debug */ = {
			isa = XCBuildConfiguration;
			baseConfigurationReference = 3650FCD70449D21712322999 /* Pods-ios.debug.xcconfig */;
			buildSettings = {
				ASSETCATALOG_COMPILER_APPICON_NAME = AppIcon;
				ENABLE_BITCODE = YES;
				INFOPLIST_FILE = ios/Info.plist;
				IPHONEOS_DEPLOYMENT_TARGET = 8.0;
				LD_RUNPATH_SEARCH_PATHS = "$(inherited) @executable_path/Frameworks";
				PRODUCT_BUNDLE_IDENTIFIER = com.yourapp.ios;
				PRODUCT_NAME = "$(TARGET_NAME)";
			};
			name = Debug;
		};
		CEBBEF441D138C3100D8F1F9 /* Release */ = {
			isa = XCBuildConfiguration;
			baseConfigurationReference = 5E9932CEE72114A2A72D23F2 /* Pods-ios.release.xcconfig */;
			buildSettings = {
				ASSETCATALOG_COMPILER_APPICON_NAME = AppIcon;
				ENABLE_BITCODE = YES;
				INFOPLIST_FILE = ios/Info.plist;
				IPHONEOS_DEPLOYMENT_TARGET = 8.0;
				LD_RUNPATH_SEARCH_PATHS = "$(inherited) @executable_path/Frameworks";
				PRODUCT_BUNDLE_IDENTIFIER = com.yourapp.ios;
				PRODUCT_NAME = "$(TARGET_NAME)";
			};
			name = Release;
		};
/* End XCBuildConfiguration section */

/* Begin XCConfigurationList section */
		CEBBEF2B1D138C3100D8F1F9 /* Build configuration list for PBXProject "ios" */ = {
			isa = XCConfigurationList;
			buildConfigurations = (
				CEBBEF401D138C3100D8F1F9 /* Debug */,
				CEBBEF411D138C3100D8F1F9 /* Release */,
			);
			defaultConfigurationIsVisible = 0;
			defaultConfigurationName = Release;
		};
		CEBBEF421D138C3100D8F1F9 /* Build configuration list for PBXNativeTarget "ios" */ = {
			isa = XCConfigurationList;
			buildConfigurations = (
				CEBBEF431D138C3100D8F1F9 /* Debug */,
				CEBBEF441D138C3100D8F1F9 /* Release */,
			);
			defaultConfigurationIsVisible = 0;
			defaultConfigurationName = Release;
		};
/* End XCConfigurationList section */
	};
	rootObject = CEBBEF281D138C3100D8F1F9 /* Project object */;
}
